// !$*UTF8*$!
{
	archiveVersion = 1;
	classes = {
	};
	objectVersion = 63;
	objects = {

/* Begin PBXBuildFile section */
		320043702CDC9A0D00D08B6D /* (null) in Sources */ = {isa = PBXBuildFile; };
		320043722CDC9E5F00D08B6D /* (null) in Sources */ = {isa = PBXBuildFile; };
		320043762CDCA18E00D08B6D /* (null) in Sources */ = {isa = PBXBuildFile; };
		320043782CDCA49100D08B6D /* (null) in Sources */ = {isa = PBXBuildFile; };
		3200437C2CDCA6F300D08B6D /* (null) in Sources */ = {isa = PBXBuildFile; };
		3200438B2CDF3BEF00D08B6D /* ProfileCreateViewController.swift in Sources */ = {isa = PBXBuildFile; fileRef = 3200438A2CDF3BE900D08B6D /* ProfileCreateViewController.swift */; };
		320043912CDF3D7F00D08B6D /* KeywordButton.swift in Sources */ = {isa = PBXBuildFile; fileRef = 3200438E2CDF3D7F00D08B6D /* KeywordButton.swift */; };
		320043922CDF3D7F00D08B6D /* InputTextField.swift in Sources */ = {isa = PBXBuildFile; fileRef = 3200438D2CDF3D7F00D08B6D /* InputTextField.swift */; };
		320043932CDF3D7F00D08B6D /* KeywordView.swift in Sources */ = {isa = PBXBuildFile; fileRef = 3200438F2CDF3D7F00D08B6D /* KeywordView.swift */; };
		320043942CDF3D7F00D08B6D /* PrimaryButton.swift in Sources */ = {isa = PBXBuildFile; fileRef = 320043902CDF3D7F00D08B6D /* PrimaryButton.swift */; };
		320043952CDF3D7F00D08B6D /* Extension + Navigation.swift in Sources */ = {isa = PBXBuildFile; fileRef = 3200438C2CDF3D7F00D08B6D /* Extension + Navigation.swift */; };
		320043972CDF493C00D08B6D /* Extension + UIView.swift in Sources */ = {isa = PBXBuildFile; fileRef = 320043962CDF493600D08B6D /* Extension + UIView.swift */; };
		3200441A2CE48A3D00D08B6D /* MPCBroswer.swift in Sources */ = {isa = PBXBuildFile; fileRef = 320044192CE48A3100D08B6D /* MPCBroswer.swift */; };
		3200441C2CE48C5C00D08B6D /* MPCAdvertiser.swift in Sources */ = {isa = PBXBuildFile; fileRef = 3200441B2CE48C5600D08B6D /* MPCAdvertiser.swift */; };
		3200441E2CE48D3500D08B6D /* MPCManager.swift in Sources */ = {isa = PBXBuildFile; fileRef = 3200441D2CE48D1F00D08B6D /* MPCManager.swift */; };
		3200444E2CE595EA00D08B6D /* ProfileCreatePresenter.swift in Sources */ = {isa = PBXBuildFile; fileRef = 3200444D2CE595DE00D08B6D /* ProfileCreatePresenter.swift */; };
		320044502CE595F700D08B6D /* ProfileInputPresenter.swift in Sources */ = {isa = PBXBuildFile; fileRef = 3200444F2CE595F000D08B6D /* ProfileInputPresenter.swift */; };
		320044532CE59A8A00D08B6D /* Dog.swift in Sources */ = {isa = PBXBuildFile; fileRef = 320044522CE59A8100D08B6D /* Dog.swift */; };
		320044562CE59DF500D08B6D /* ProfileInputRouter.swift in Sources */ = {isa = PBXBuildFile; fileRef = 320044552CE59D5D00D08B6D /* ProfileInputRouter.swift */; };
		320044582CE5B04C00D08B6D /* ProfileCreateRouter.swift in Sources */ = {isa = PBXBuildFile; fileRef = 320044572CE5B04300D08B6D /* ProfileCreateRouter.swift */; };
		3200445A2CE5B3AA00D08B6D /* ProfileCreateInteractor.swift in Sources */ = {isa = PBXBuildFile; fileRef = 320044592CE5B39A00D08B6D /* ProfileCreateInteractor.swift */; };
		3200445E2CE5CA1B00D08B6D /* SaveInfoUseCase.swift in Sources */ = {isa = PBXBuildFile; fileRef = 3200445D2CE5CA1A00D08B6D /* SaveInfoUseCase.swift */; };
		320044672CE6125100D08B6D /* DataManager.swift in Sources */ = {isa = PBXBuildFile; fileRef = 320044662CE6124900D08B6D /* DataManager.swift */; };
		3200446B2CEB183300D08B6D /* RequestWalkViewController.swift in Sources */ = {isa = PBXBuildFile; fileRef = 3200446A2CEB182A00D08B6D /* RequestWalkViewController.swift */; };
		3200446F2CEB23A700D08B6D /* CardPresentationController.swift in Sources */ = {isa = PBXBuildFile; fileRef = 3200446E2CEB239D00D08B6D /* CardPresentationController.swift */; };
		320044712CEB45E000D08B6D /* RequestWalkPresenter.swift in Sources */ = {isa = PBXBuildFile; fileRef = 320044702CEB45D600D08B6D /* RequestWalkPresenter.swift */; };
		320044732CEB47B100D08B6D /* RequestWalkInteractor.swift in Sources */ = {isa = PBXBuildFile; fileRef = 320044722CEB47A600D08B6D /* RequestWalkInteractor.swift */; };
		320044752CEB4D6900D08B6D /* RequestWalkRouter.swift in Sources */ = {isa = PBXBuildFile; fileRef = 320044742CEB4D6200D08B6D /* RequestWalkRouter.swift */; };
		320044772CEB4E1E00D08B6D /* RequestWalk.swift in Sources */ = {isa = PBXBuildFile; fileRef = 320044762CEB4E0F00D08B6D /* RequestWalk.swift */; };
		995D94262CE32ECE005A47BF /* Extension + Keyboard.swift in Sources */ = {isa = PBXBuildFile; fileRef = 995D94252CE32EC1005A47BF /* Extension + Keyboard.swift */; };
		995D94622CE598FD005A47BF /* NIManager.swift in Sources */ = {isa = PBXBuildFile; fileRef = 995D94612CE598F0005A47BF /* NIManager.swift */; };
		99FA4E792CE0FBBF00553C2E /* ProfileInputViewController.swift in Sources */ = {isa = PBXBuildFile; fileRef = 99FA4E782CE0FBBF00553C2E /* ProfileInputViewController.swift */; };
		A21435F72CE20D2500564A4D /* TabBarController.swift in Sources */ = {isa = PBXBuildFile; fileRef = A21435F62CE20D2500564A4D /* TabBarController.swift */; };
		A288A63D2CDC595000D11C34 /* (null) in Resources */ = {isa = PBXBuildFile; };
		A2C328862CE245AC00D255AB /* TabBarModuleBuilder.swift in Sources */ = {isa = PBXBuildFile; fileRef = A2C328852CE245AC00D255AB /* TabBarModuleBuilder.swift */; };
		A2C328882CE2481900D255AB /* HomeModuleBuilder.swift in Sources */ = {isa = PBXBuildFile; fileRef = A2C328872CE2481900D255AB /* HomeModuleBuilder.swift */; };
		A2C328922CE3BEA000D255AB /* AppRouter.swift in Sources */ = {isa = PBXBuildFile; fileRef = A2C328912CE3BEA000D255AB /* AppRouter.swift */; };
		A2C844D12CDBE1E5007F2970 /* (null) in Sources */ = {isa = PBXBuildFile; };
		A2C844D72CDBEF8B007F2970 /* (null) in Sources */ = {isa = PBXBuildFile; };
		A2F825D12CDF4BA6000C5419 /* HomeViewController.swift in Sources */ = {isa = PBXBuildFile; fileRef = A2F825D02CDF4BA6000C5419 /* HomeViewController.swift */; };
		A2F825DD2CDFBEB4000C5419 /* ProfileCardView.swift in Sources */ = {isa = PBXBuildFile; fileRef = A2F825DC2CDFBEB4000C5419 /* ProfileCardView.swift */; };
		FD0634262CE596B5003C9D6B /* Endpoint.swift in Sources */ = {isa = PBXBuildFile; fileRef = FD0634252CE596B2003C9D6B /* Endpoint.swift */; };
		FD0634282CE596BD003C9D6B /* SNMRequestConvertible.swift in Sources */ = {isa = PBXBuildFile; fileRef = FD0634272CE596BA003C9D6B /* SNMRequestConvertible.swift */; };
		FD06342A2CE596D0003C9D6B /* NetworkProvider.swift in Sources */ = {isa = PBXBuildFile; fileRef = FD0634292CE596C2003C9D6B /* NetworkProvider.swift */; };
		FD06342C2CE5984D003C9D6B /* SNMNetworkResponse.swift in Sources */ = {isa = PBXBuildFile; fileRef = FD06342B2CE59843003C9D6B /* SNMNetworkResponse.swift */; };
		FD0634312CE62578003C9D6B /* AnyEncodable.swift in Sources */ = {isa = PBXBuildFile; fileRef = FD0634302CE62573003C9D6B /* AnyEncodable.swift */; };
		FD3A033F2CD8CF460047B7ED /* Assets.xcassets in Resources */ = {isa = PBXBuildFile; fileRef = FD3A03392CD8CF460047B7ED /* Assets.xcassets */; };
		FD3A03412CD8CF460047B7ED /* LaunchScreen.storyboard in Resources */ = {isa = PBXBuildFile; fileRef = FD3A033C2CD8CF460047B7ED /* LaunchScreen.storyboard */; };
		FD3A03422CD8CF460047B7ED /* AppDelegate.swift in Sources */ = {isa = PBXBuildFile; fileRef = FD3A03382CD8CF460047B7ED /* AppDelegate.swift */; };
		FD3A03432CD8CF460047B7ED /* SceneDelegate.swift in Sources */ = {isa = PBXBuildFile; fileRef = FD3A033D2CD8CF460047B7ED /* SceneDelegate.swift */; };
		FD69B1B32CE3BC76009D71DC /* KeychainManager.swift in Sources */ = {isa = PBXBuildFile; fileRef = FD69B1B22CE3BC68009D71DC /* KeychainManager.swift */; };
		FD69B1B52CE3BC7E009D71DC /* UserDefaultsManager.swift in Sources */ = {isa = PBXBuildFile; fileRef = FD69B1B42CE3BC79009D71DC /* UserDefaultsManager.swift */; };
		FD69B1C32CE3BCE4009D71DC /* UserDefaultsManager.swift in Sources */ = {isa = PBXBuildFile; fileRef = FD69B1B42CE3BC79009D71DC /* UserDefaultsManager.swift */; };
		FD69B1C42CE3BCE4009D71DC /* KeychainManager.swift in Sources */ = {isa = PBXBuildFile; fileRef = FD69B1B22CE3BC68009D71DC /* KeychainManager.swift */; };
		FD69B1CB2CE3E9B4009D71DC /* UserDefaultsTests.swift in Sources */ = {isa = PBXBuildFile; fileRef = FD69B1CA2CE3E9B4009D71DC /* UserDefaultsTests.swift */; };
		FD69B1CD2CE3E9BB009D71DC /* KeychainTests.swift in Sources */ = {isa = PBXBuildFile; fileRef = FD69B1CC2CE3E9B8009D71DC /* KeychainTests.swift */; };
		FDBFA99F2CE1E50C00AA9220 /* SNMFont.swift in Sources */ = {isa = PBXBuildFile; fileRef = FDBFA99E2CE1E50900AA9220 /* SNMFont.swift */; };
		FDBFA9A12CE1E51500AA9220 /* SNMColor.swift in Sources */ = {isa = PBXBuildFile; fileRef = FDBFA9A02CE1E51000AA9220 /* SNMColor.swift */; };
		FDBFA9B12CE1FE5500AA9220 /* LayoutConstant.swift in Sources */ = {isa = PBXBuildFile; fileRef = FDBFA9B02CE1FDED00AA9220 /* LayoutConstant.swift */; };
		FDEAEA7A2CE3148D005890FA /* BaseView.swift in Sources */ = {isa = PBXBuildFile; fileRef = FDEAEA792CE3148C005890FA /* BaseView.swift */; };
		FDEAEA7C2CE314A7005890FA /* BaseViewController.swift in Sources */ = {isa = PBXBuildFile; fileRef = FDEAEA7B2CE314A3005890FA /* BaseViewController.swift */; };
/* End PBXBuildFile section */

/* Begin PBXContainerItemProxy section */
		FD69B1BE2CE3BCDC009D71DC /* PBXContainerItemProxy */ = {
			isa = PBXContainerItemProxy;
			containerPortal = FD3A03182CD8CDE50047B7ED /* Project object */;
			proxyType = 1;
			remoteGlobalIDString = FD3A031F2CD8CDE50047B7ED;
			remoteInfo = SniffMeet;
		};
/* End PBXContainerItemProxy section */

/* Begin PBXFileReference section */
		3200438A2CDF3BE900D08B6D /* ProfileCreateViewController.swift */ = {isa = PBXFileReference; lastKnownFileType = sourcecode.swift; path = ProfileCreateViewController.swift; sourceTree = "<group>"; };
		3200438C2CDF3D7F00D08B6D /* Extension + Navigation.swift */ = {isa = PBXFileReference; lastKnownFileType = sourcecode.swift; path = "Extension + Navigation.swift"; sourceTree = "<group>"; };
		3200438D2CDF3D7F00D08B6D /* InputTextField.swift */ = {isa = PBXFileReference; lastKnownFileType = sourcecode.swift; path = InputTextField.swift; sourceTree = "<group>"; };
		3200438E2CDF3D7F00D08B6D /* KeywordButton.swift */ = {isa = PBXFileReference; lastKnownFileType = sourcecode.swift; path = KeywordButton.swift; sourceTree = "<group>"; };
		3200438F2CDF3D7F00D08B6D /* KeywordView.swift */ = {isa = PBXFileReference; lastKnownFileType = sourcecode.swift; path = KeywordView.swift; sourceTree = "<group>"; };
		320043902CDF3D7F00D08B6D /* PrimaryButton.swift */ = {isa = PBXFileReference; lastKnownFileType = sourcecode.swift; path = PrimaryButton.swift; sourceTree = "<group>"; };
		320043962CDF493600D08B6D /* Extension + UIView.swift */ = {isa = PBXFileReference; lastKnownFileType = sourcecode.swift; path = "Extension + UIView.swift"; sourceTree = "<group>"; };
		320044192CE48A3100D08B6D /* MPCBroswer.swift */ = {isa = PBXFileReference; lastKnownFileType = sourcecode.swift; path = MPCBroswer.swift; sourceTree = "<group>"; };
		3200441B2CE48C5600D08B6D /* MPCAdvertiser.swift */ = {isa = PBXFileReference; lastKnownFileType = sourcecode.swift; path = MPCAdvertiser.swift; sourceTree = "<group>"; };
		3200441D2CE48D1F00D08B6D /* MPCManager.swift */ = {isa = PBXFileReference; lastKnownFileType = sourcecode.swift; path = MPCManager.swift; sourceTree = "<group>"; };
		3200444D2CE595DE00D08B6D /* ProfileCreatePresenter.swift */ = {isa = PBXFileReference; lastKnownFileType = sourcecode.swift; path = ProfileCreatePresenter.swift; sourceTree = "<group>"; };
		3200444F2CE595F000D08B6D /* ProfileInputPresenter.swift */ = {isa = PBXFileReference; lastKnownFileType = sourcecode.swift; path = ProfileInputPresenter.swift; sourceTree = "<group>"; };
		320044522CE59A8100D08B6D /* Dog.swift */ = {isa = PBXFileReference; lastKnownFileType = sourcecode.swift; path = Dog.swift; sourceTree = "<group>"; };
		320044552CE59D5D00D08B6D /* ProfileInputRouter.swift */ = {isa = PBXFileReference; lastKnownFileType = sourcecode.swift; path = ProfileInputRouter.swift; sourceTree = "<group>"; };
		320044572CE5B04300D08B6D /* ProfileCreateRouter.swift */ = {isa = PBXFileReference; lastKnownFileType = sourcecode.swift; path = ProfileCreateRouter.swift; sourceTree = "<group>"; };
		320044592CE5B39A00D08B6D /* ProfileCreateInteractor.swift */ = {isa = PBXFileReference; lastKnownFileType = sourcecode.swift; path = ProfileCreateInteractor.swift; sourceTree = "<group>"; };
		3200445D2CE5CA1A00D08B6D /* SaveInfoUseCase.swift */ = {isa = PBXFileReference; lastKnownFileType = sourcecode.swift; path = SaveInfoUseCase.swift; sourceTree = "<group>"; };
		320044662CE6124900D08B6D /* DataManager.swift */ = {isa = PBXFileReference; lastKnownFileType = sourcecode.swift; path = DataManager.swift; sourceTree = "<group>"; };
		3200446A2CEB182A00D08B6D /* RequestWalkViewController.swift */ = {isa = PBXFileReference; lastKnownFileType = sourcecode.swift; path = RequestWalkViewController.swift; sourceTree = "<group>"; };
		3200446E2CEB239D00D08B6D /* CardPresentationController.swift */ = {isa = PBXFileReference; lastKnownFileType = sourcecode.swift; path = CardPresentationController.swift; sourceTree = "<group>"; };
		320044702CEB45D600D08B6D /* RequestWalkPresenter.swift */ = {isa = PBXFileReference; lastKnownFileType = sourcecode.swift; path = RequestWalkPresenter.swift; sourceTree = "<group>"; };
		320044722CEB47A600D08B6D /* RequestWalkInteractor.swift */ = {isa = PBXFileReference; lastKnownFileType = sourcecode.swift; path = RequestWalkInteractor.swift; sourceTree = "<group>"; };
		320044742CEB4D6200D08B6D /* RequestWalkRouter.swift */ = {isa = PBXFileReference; lastKnownFileType = sourcecode.swift; path = RequestWalkRouter.swift; sourceTree = "<group>"; };
		320044762CEB4E0F00D08B6D /* RequestWalk.swift */ = {isa = PBXFileReference; lastKnownFileType = sourcecode.swift; path = RequestWalk.swift; sourceTree = "<group>"; };
		995D94252CE32EC1005A47BF /* Extension + Keyboard.swift */ = {isa = PBXFileReference; lastKnownFileType = sourcecode.swift; path = "Extension + Keyboard.swift"; sourceTree = "<group>"; };
		995D94612CE598F0005A47BF /* NIManager.swift */ = {isa = PBXFileReference; lastKnownFileType = sourcecode.swift; path = NIManager.swift; sourceTree = "<group>"; };
		99FA4E782CE0FBBF00553C2E /* ProfileInputViewController.swift */ = {isa = PBXFileReference; lastKnownFileType = sourcecode.swift; path = ProfileInputViewController.swift; sourceTree = "<group>"; };
		A21435F62CE20D2500564A4D /* TabBarController.swift */ = {isa = PBXFileReference; lastKnownFileType = sourcecode.swift; path = TabBarController.swift; sourceTree = "<group>"; };
		A2C328852CE245AC00D255AB /* TabBarModuleBuilder.swift */ = {isa = PBXFileReference; lastKnownFileType = sourcecode.swift; path = TabBarModuleBuilder.swift; sourceTree = "<group>"; };
		A2C328872CE2481900D255AB /* HomeModuleBuilder.swift */ = {isa = PBXFileReference; lastKnownFileType = sourcecode.swift; path = HomeModuleBuilder.swift; sourceTree = "<group>"; };
		A2C328912CE3BEA000D255AB /* AppRouter.swift */ = {isa = PBXFileReference; lastKnownFileType = sourcecode.swift; path = AppRouter.swift; sourceTree = "<group>"; };
		A2F825D02CDF4BA6000C5419 /* HomeViewController.swift */ = {isa = PBXFileReference; lastKnownFileType = sourcecode.swift; path = HomeViewController.swift; sourceTree = "<group>"; };
		A2F825DC2CDFBEB4000C5419 /* ProfileCardView.swift */ = {isa = PBXFileReference; lastKnownFileType = sourcecode.swift; path = ProfileCardView.swift; sourceTree = "<group>"; };
		FD0634252CE596B2003C9D6B /* Endpoint.swift */ = {isa = PBXFileReference; lastKnownFileType = sourcecode.swift; path = Endpoint.swift; sourceTree = "<group>"; };
		FD0634272CE596BA003C9D6B /* SNMRequestConvertible.swift */ = {isa = PBXFileReference; lastKnownFileType = sourcecode.swift; path = SNMRequestConvertible.swift; sourceTree = "<group>"; };
		FD0634292CE596C2003C9D6B /* NetworkProvider.swift */ = {isa = PBXFileReference; lastKnownFileType = sourcecode.swift; path = NetworkProvider.swift; sourceTree = "<group>"; };
		FD06342B2CE59843003C9D6B /* SNMNetworkResponse.swift */ = {isa = PBXFileReference; lastKnownFileType = sourcecode.swift; path = SNMNetworkResponse.swift; sourceTree = "<group>"; };
		FD0634302CE62573003C9D6B /* AnyEncodable.swift */ = {isa = PBXFileReference; lastKnownFileType = sourcecode.swift; path = AnyEncodable.swift; sourceTree = "<group>"; };
		FD3A03202CD8CDE50047B7ED /* SniffMeet.app */ = {isa = PBXFileReference; explicitFileType = wrapper.application; includeInIndex = 0; path = SniffMeet.app; sourceTree = BUILT_PRODUCTS_DIR; };
		FD3A03382CD8CF460047B7ED /* AppDelegate.swift */ = {isa = PBXFileReference; lastKnownFileType = sourcecode.swift; path = AppDelegate.swift; sourceTree = "<group>"; };
		FD3A03392CD8CF460047B7ED /* Assets.xcassets */ = {isa = PBXFileReference; lastKnownFileType = folder.assetcatalog; path = Assets.xcassets; sourceTree = "<group>"; };
		FD3A033A2CD8CF460047B7ED /* Info.plist */ = {isa = PBXFileReference; lastKnownFileType = text.plist.xml; path = Info.plist; sourceTree = "<group>"; };
		FD3A033B2CD8CF460047B7ED /* Base */ = {isa = PBXFileReference; lastKnownFileType = file.storyboard; name = Base; path = Base.lproj/LaunchScreen.storyboard; sourceTree = "<group>"; };
		FD3A033D2CD8CF460047B7ED /* SceneDelegate.swift */ = {isa = PBXFileReference; lastKnownFileType = sourcecode.swift; path = SceneDelegate.swift; sourceTree = "<group>"; };
		FD69B1B22CE3BC68009D71DC /* KeychainManager.swift */ = {isa = PBXFileReference; lastKnownFileType = sourcecode.swift; path = KeychainManager.swift; sourceTree = "<group>"; };
		FD69B1B42CE3BC79009D71DC /* UserDefaultsManager.swift */ = {isa = PBXFileReference; lastKnownFileType = sourcecode.swift; path = UserDefaultsManager.swift; sourceTree = "<group>"; };
		FD69B1BA2CE3BCDC009D71DC /* SNMPersistenceTests.xctest */ = {isa = PBXFileReference; explicitFileType = wrapper.cfbundle; includeInIndex = 0; path = SNMPersistenceTests.xctest; sourceTree = BUILT_PRODUCTS_DIR; };
		FD69B1CA2CE3E9B4009D71DC /* UserDefaultsTests.swift */ = {isa = PBXFileReference; lastKnownFileType = sourcecode.swift; path = UserDefaultsTests.swift; sourceTree = "<group>"; };
		FD69B1CC2CE3E9B8009D71DC /* KeychainTests.swift */ = {isa = PBXFileReference; lastKnownFileType = sourcecode.swift; path = KeychainTests.swift; sourceTree = "<group>"; };
		FDBFA99E2CE1E50900AA9220 /* SNMFont.swift */ = {isa = PBXFileReference; lastKnownFileType = sourcecode.swift; path = SNMFont.swift; sourceTree = "<group>"; };
		FDBFA9A02CE1E51000AA9220 /* SNMColor.swift */ = {isa = PBXFileReference; lastKnownFileType = sourcecode.swift; path = SNMColor.swift; sourceTree = "<group>"; };
		FDBFA9B02CE1FDED00AA9220 /* LayoutConstant.swift */ = {isa = PBXFileReference; lastKnownFileType = sourcecode.swift; path = LayoutConstant.swift; sourceTree = "<group>"; };
		FDEAEA792CE3148C005890FA /* BaseView.swift */ = {isa = PBXFileReference; lastKnownFileType = sourcecode.swift; path = BaseView.swift; sourceTree = "<group>"; };
		FDEAEA7B2CE314A3005890FA /* BaseViewController.swift */ = {isa = PBXFileReference; lastKnownFileType = sourcecode.swift; path = BaseViewController.swift; sourceTree = "<group>"; };
/* End PBXFileReference section */

/* Begin PBXFrameworksBuildPhase section */
		FD3A031D2CD8CDE50047B7ED /* Frameworks */ = {
			isa = PBXFrameworksBuildPhase;
			buildActionMask = 2147483647;
			files = (
			);
			runOnlyForDeploymentPostprocessing = 0;
		};
		FD69B1B72CE3BCDC009D71DC /* Frameworks */ = {
			isa = PBXFrameworksBuildPhase;
			buildActionMask = 2147483647;
			files = (
			);
			runOnlyForDeploymentPostprocessing = 0;
		};
/* End PBXFrameworksBuildPhase section */

/* Begin PBXGroup section */
		320044172CE489A900D08B6D /* LocalNetwork */ = {
			isa = PBXGroup;
			children = (
				995D94602CE598E1005A47BF /* NI */,
				320044182CE48A1900D08B6D /* MPC */,
			);
			path = LocalNetwork;
			sourceTree = "<group>";
		};
		320044182CE48A1900D08B6D /* MPC */ = {
			isa = PBXGroup;
			children = (
				3200441D2CE48D1F00D08B6D /* MPCManager.swift */,
				3200441B2CE48C5600D08B6D /* MPCAdvertiser.swift */,
				320044192CE48A3100D08B6D /* MPCBroswer.swift */,
			);
			path = MPC;
			sourceTree = "<group>";
		};
		320044692CEB182400D08B6D /* View */ = {
			isa = PBXGroup;
			children = (
				3200446E2CEB239D00D08B6D /* CardPresentationController.swift */,
				3200446A2CEB182A00D08B6D /* RequestWalkViewController.swift */,
			);
			path = View;
			sourceTree = "<group>";
		};
		320044782CEC48FB00D08B6D /* UseCase */ = {
			isa = PBXGroup;
			children = (
				3200445D2CE5CA1A00D08B6D /* SaveInfoUseCase.swift */,
				320044762CEB4E0F00D08B6D /* RequestWalk.swift */,
			);
			path = UseCase;
			sourceTree = "<group>";
		};
		320044792CEC490600D08B6D /* Entity */ = {
			isa = PBXGroup;
			children = (
				320044522CE59A8100D08B6D /* Dog.swift */,
			);
			path = Entity;
			sourceTree = "<group>";
		};
		995D94602CE598E1005A47BF /* NI */ = {
			isa = PBXGroup;
			children = (
				995D94612CE598F0005A47BF /* NIManager.swift */,
			);
			path = NI;
			sourceTree = "<group>";
		};
		A21435F52CE20CF600564A4D /* Tab */ = {
			isa = PBXGroup;
			children = (
				A2C328852CE245AC00D255AB /* TabBarModuleBuilder.swift */,
				A2C3288A2CE2F50100D255AB /* View */,
				A2C328892CE2F4F600D255AB /* Router */,
			);
			path = Tab;
			sourceTree = "<group>";
		};
		A2C328892CE2F4F600D255AB /* Router */ = {
			isa = PBXGroup;
			children = (
			);
			path = Router;
			sourceTree = "<group>";
		};
		A2C3288A2CE2F50100D255AB /* View */ = {
			isa = PBXGroup;
			children = (
				A21435F62CE20D2500564A4D /* TabBarController.swift */,
			);
			path = View;
			sourceTree = "<group>";
		};
		A2C844CF2CDBE1CB007F2970 /* Common */ = {
			isa = PBXGroup;
			children = (
				FDEAEA792CE3148C005890FA /* BaseView.swift */,
				FDEAEA7B2CE314A3005890FA /* BaseViewController.swift */,
				FDBFA9B02CE1FDED00AA9220 /* LayoutConstant.swift */,
				FDBFA9A02CE1E51000AA9220 /* SNMColor.swift */,
				FDBFA99E2CE1E50900AA9220 /* SNMFont.swift */,
				995D94252CE32EC1005A47BF /* Extension + Keyboard.swift */,
				320043962CDF493600D08B6D /* Extension + UIView.swift */,
				3200438C2CDF3D7F00D08B6D /* Extension + Navigation.swift */,
				3200438D2CDF3D7F00D08B6D /* InputTextField.swift */,
				3200438E2CDF3D7F00D08B6D /* KeywordButton.swift */,
				3200438F2CDF3D7F00D08B6D /* KeywordView.swift */,
				320043902CDF3D7F00D08B6D /* PrimaryButton.swift */,
			);
			path = Common;
			sourceTree = "<group>";
		};
		FD0634242CE596A7003C9D6B /* SNMNetwork */ = {
			isa = PBXGroup;
			children = (
				FD0634302CE62573003C9D6B /* AnyEncodable.swift */,
				FD0634292CE596C2003C9D6B /* NetworkProvider.swift */,
				FD0634272CE596BA003C9D6B /* SNMRequestConvertible.swift */,
				FD0634252CE596B2003C9D6B /* Endpoint.swift */,
				FD06342B2CE59843003C9D6B /* SNMNetworkResponse.swift */,
			);
			path = SNMNetwork;
			sourceTree = "<group>";
		};
		FD3A03172CD8CDE50047B7ED = {
			isa = PBXGroup;
			children = (
				FD3A033E2CD8CF460047B7ED /* SniffMeet */,
				FD69B1C62CE3BCED009D71DC /* SNMPersistenceTests */,
				FD3A03212CD8CDE50047B7ED /* Products */,
			);
			sourceTree = "<group>";
		};
		FD3A03212CD8CDE50047B7ED /* Products */ = {
			isa = PBXGroup;
			children = (
				FD3A03202CD8CDE50047B7ED /* SniffMeet.app */,
				FD69B1BA2CE3BCDC009D71DC /* SNMPersistenceTests.xctest */,
			);
			name = Products;
			sourceTree = "<group>";
		};
		FD3A033E2CD8CF460047B7ED /* SniffMeet */ = {
			isa = PBXGroup;
			children = (
				FDA491332CD9FE7C00A36FB0 /* Source */,
				FDA4912A2CD9FE3500A36FB0 /* Resource */,
			);
			path = SniffMeet;
			sourceTree = "<group>";
		};
		FD69B1B12CE3BC55009D71DC /* Persistence */ = {
			isa = PBXGroup;
			children = (
				FD69B1B42CE3BC79009D71DC /* UserDefaultsManager.swift */,
				FD69B1B22CE3BC68009D71DC /* KeychainManager.swift */,
			);
			path = Persistence;
			sourceTree = "<group>";
		};
		FD69B1C62CE3BCED009D71DC /* SNMPersistenceTests */ = {
			isa = PBXGroup;
			children = (
				FD69B1CC2CE3E9B8009D71DC /* KeychainTests.swift */,
				FD69B1CA2CE3E9B4009D71DC /* UserDefaultsTests.swift */,
			);
			path = SNMPersistenceTests;
			sourceTree = "<group>";
		};
		FDA4912A2CD9FE3500A36FB0 /* Resource */ = {
			isa = PBXGroup;
			children = (
				FD3A033C2CD8CF460047B7ED /* LaunchScreen.storyboard */,
				FD3A033A2CD8CF460047B7ED /* Info.plist */,
				FD3A03392CD8CF460047B7ED /* Assets.xcassets */,
			);
			path = Resource;
			sourceTree = "<group>";
		};
		FDA491332CD9FE7C00A36FB0 /* Source */ = {
			isa = PBXGroup;
			children = (
				320044792CEC490600D08B6D /* Entity */,
				320044782CEC48FB00D08B6D /* UseCase */,
				FD0634242CE596A7003C9D6B /* SNMNetwork */,
				FD69B1B12CE3BC55009D71DC /* Persistence */,
				A2C844CF2CDBE1CB007F2970 /* Common */,
				FDA491392CD9FEC400A36FB0 /* App */,
				A21435F52CE20CF600564A4D /* Tab */,
				FDA4915E2CDA790300A36FB0 /* Auth */,
				FDA4913B2CDA055900A36FB0 /* Home */,
				FDA4913C2CDA056400A36FB0 /* Walk */,
				FDA4913E2CDA05F900A36FB0 /* Mate */,
				FDA4913A2CDA04BB00A36FB0 /* Repository */,
				320044172CE489A900D08B6D /* LocalNetwork */,
			);
			path = Source;
			sourceTree = "<group>";
		};
		FDA491342CD9FE8000A36FB0 /* View */ = {
			isa = PBXGroup;
			children = (
			);
			path = View;
			sourceTree = "<group>";
		};
		FDA491352CD9FE8600A36FB0 /* Interactor */ = {
			isa = PBXGroup;
			children = (
			);
			path = Interactor;
			sourceTree = "<group>";
		};
		FDA491362CD9FE8C00A36FB0 /* Presenter */ = {
			isa = PBXGroup;
			children = (
			);
			path = Presenter;
			sourceTree = "<group>";
		};
		FDA491372CD9FE9300A36FB0 /* Entity */ = {
			isa = PBXGroup;
			children = (
			);
			path = Entity;
			sourceTree = "<group>";
		};
		FDA491382CD9FEB000A36FB0 /* Router */ = {
			isa = PBXGroup;
			children = (
			);
			path = Router;
			sourceTree = "<group>";
		};
		FDA491392CD9FEC400A36FB0 /* App */ = {
			isa = PBXGroup;
			children = (
				FD3A033D2CD8CF460047B7ED /* SceneDelegate.swift */,
				FD3A03382CD8CF460047B7ED /* AppDelegate.swift */,
				A2C328912CE3BEA000D255AB /* AppRouter.swift */,
			);
			path = App;
			sourceTree = "<group>";
		};
		FDA4913A2CDA04BB00A36FB0 /* Repository */ = {
			isa = PBXGroup;
			children = (
				FDA491632CDA7B9900A36FB0 /* Walk */,
				FDA491522CDA665F00A36FB0 /* Mate */,
				FDA4913F2CDA05FE00A36FB0 /* Auth */,
			);
			path = Repository;
			sourceTree = "<group>";
		};
		FDA4913B2CDA055900A36FB0 /* Home */ = {
			isa = PBXGroup;
			children = (
				FDA491572CDA740800A36FB0 /* Main */,
				FDA491532CDA696D00A36FB0 /* EditProfile */,
				FDA491512CDA661B00A36FB0 /* Alarm */,
			);
			path = Home;
			sourceTree = "<group>";
		};
		FDA4913C2CDA056400A36FB0 /* Walk */ = {
			isa = PBXGroup;
			children = (
				FDA491932CDA7C6200A36FB0 /* RequestWalk */,
				FDA4914B2CDA65E200A36FB0 /* WalkLog */,
				FDA4914A2CDA077100A36FB0 /* RecordWalk */,
			);
			path = Walk;
			sourceTree = "<group>";
		};
		FDA4913E2CDA05F900A36FB0 /* Mate */ = {
			isa = PBXGroup;
			children = (
				FDA491552CDA69AB00A36FB0 /* MateList */,
				FDA491622CDA7A8D00A36FB0 /* RequestMate */,
				FDA491562CDA6ABC00A36FB0 /* ReportMate */,
			);
			path = Mate;
			sourceTree = "<group>";
		};
		FDA4913F2CDA05FE00A36FB0 /* Auth */ = {
			isa = PBXGroup;
			children = (
				320044662CE6124900D08B6D /* DataManager.swift */,
			);
			path = Auth;
			sourceTree = "<group>";
		};
		FDA491402CDA06FC00A36FB0 /* Router */ = {
			isa = PBXGroup;
			children = (
			);
			path = Router;
			sourceTree = "<group>";
		};
		FDA491412CDA070200A36FB0 /* Entity */ = {
			isa = PBXGroup;
			children = (
			);
			path = Entity;
			sourceTree = "<group>";
		};
		FDA491422CDA070900A36FB0 /* Presenter */ = {
			isa = PBXGroup;
			children = (
			);
			path = Presenter;
			sourceTree = "<group>";
		};
		FDA491432CDA070F00A36FB0 /* Interactor */ = {
			isa = PBXGroup;
			children = (
			);
			path = Interactor;
			sourceTree = "<group>";
		};
		FDA491442CDA071500A36FB0 /* View */ = {
			isa = PBXGroup;
			children = (
			);
			path = View;
			sourceTree = "<group>";
		};
		FDA491452CDA073200A36FB0 /* Router */ = {
			isa = PBXGroup;
			children = (
			);
			path = Router;
			sourceTree = "<group>";
		};
		FDA491462CDA073900A36FB0 /* Entity */ = {
			isa = PBXGroup;
			children = (
			);
			path = Entity;
			sourceTree = "<group>";
		};
		FDA491472CDA073F00A36FB0 /* Presenter */ = {
			isa = PBXGroup;
			children = (
			);
			path = Presenter;
			sourceTree = "<group>";
		};
		FDA491482CDA074700A36FB0 /* Interactor */ = {
			isa = PBXGroup;
			children = (
			);
			path = Interactor;
			sourceTree = "<group>";
		};
		FDA491492CDA074E00A36FB0 /* View */ = {
			isa = PBXGroup;
			children = (
			);
			path = View;
			sourceTree = "<group>";
		};
		FDA4914A2CDA077100A36FB0 /* RecordWalk */ = {
			isa = PBXGroup;
			children = (
				FDA491612CDA7A6200A36FB0 /* AddRecordResult */,
				FDA491602CDA7A4500A36FB0 /* Map */,
				FDA4915A2CDA74C600A36FB0 /* Camera */,
			);
			path = RecordWalk;
			sourceTree = "<group>";
		};
		FDA4914B2CDA65E200A36FB0 /* WalkLog */ = {
			isa = PBXGroup;
			children = (
				FDA491582CDA749100A36FB0 /* WalkLogList */,
				FDA491592CDA74A000A36FB0 /* WalkReport */,
			);
			path = WalkLog;
			sourceTree = "<group>";
		};
		FDA4914C2CDA65E900A36FB0 /* View */ = {
			isa = PBXGroup;
			children = (
			);
			path = View;
			sourceTree = "<group>";
		};
		FDA4914D2CDA65EE00A36FB0 /* Interactor */ = {
			isa = PBXGroup;
			children = (
			);
			path = Interactor;
			sourceTree = "<group>";
		};
		FDA4914E2CDA65F400A36FB0 /* Presenter */ = {
			isa = PBXGroup;
			children = (
			);
			path = Presenter;
			sourceTree = "<group>";
		};
		FDA4914F2CDA65F900A36FB0 /* Entity */ = {
			isa = PBXGroup;
			children = (
			);
			path = Entity;
			sourceTree = "<group>";
		};
		FDA491502CDA65FF00A36FB0 /* Router */ = {
			isa = PBXGroup;
			children = (
			);
			path = Router;
			sourceTree = "<group>";
		};
		FDA491512CDA661B00A36FB0 /* Alarm */ = {
			isa = PBXGroup;
			children = (
				FDA491342CD9FE8000A36FB0 /* View */,
				FDA491352CD9FE8600A36FB0 /* Interactor */,
				FDA491362CD9FE8C00A36FB0 /* Presenter */,
				FDA491372CD9FE9300A36FB0 /* Entity */,
				FDA491382CD9FEB000A36FB0 /* Router */,
			);
			path = Alarm;
			sourceTree = "<group>";
		};
		FDA491522CDA665F00A36FB0 /* Mate */ = {
			isa = PBXGroup;
			children = (
			);
			path = Mate;
			sourceTree = "<group>";
		};
		FDA491532CDA696D00A36FB0 /* EditProfile */ = {
			isa = PBXGroup;
			children = (
				FDA4916E2CDA7C0E00A36FB0 /* View */,
				FDA4916F2CDA7C0E00A36FB0 /* Interactor */,
				FDA491702CDA7C0E00A36FB0 /* Presenter */,
				FDA491712CDA7C0E00A36FB0 /* Entity */,
				FDA491722CDA7C0E00A36FB0 /* Router */,
			);
			path = EditProfile;
			sourceTree = "<group>";
		};
		FDA491552CDA69AB00A36FB0 /* MateList */ = {
			isa = PBXGroup;
			children = (
				FDA491492CDA074E00A36FB0 /* View */,
				FDA491482CDA074700A36FB0 /* Interactor */,
				FDA491472CDA073F00A36FB0 /* Presenter */,
				FDA491462CDA073900A36FB0 /* Entity */,
				FDA491452CDA073200A36FB0 /* Router */,
			);
			path = MateList;
			sourceTree = "<group>";
		};
		FDA491562CDA6ABC00A36FB0 /* ReportMate */ = {
			isa = PBXGroup;
			children = (
				FDA4918C2CDA7C3400A36FB0 /* View */,
				FDA4918D2CDA7C3400A36FB0 /* Interactor */,
				FDA4918E2CDA7C3400A36FB0 /* Presenter */,
				FDA4918F2CDA7C3400A36FB0 /* Entity */,
				FDA491902CDA7C3400A36FB0 /* Router */,
			);
			path = ReportMate;
			sourceTree = "<group>";
		};
		FDA491572CDA740800A36FB0 /* Main */ = {
			isa = PBXGroup;
			children = (
				A2C328872CE2481900D255AB /* HomeModuleBuilder.swift */,
				FDA491692CDA7C0B00A36FB0 /* View */,
				FDA4916A2CDA7C0B00A36FB0 /* Interactor */,
				FDA4916B2CDA7C0B00A36FB0 /* Presenter */,
				FDA4916C2CDA7C0B00A36FB0 /* Entity */,
				FDA4916D2CDA7C0B00A36FB0 /* Router */,
			);
			path = Main;
			sourceTree = "<group>";
		};
		FDA491582CDA749100A36FB0 /* WalkLogList */ = {
			isa = PBXGroup;
			children = (
				FDA4914C2CDA65E900A36FB0 /* View */,
				FDA4914D2CDA65EE00A36FB0 /* Interactor */,
				FDA4914E2CDA65F400A36FB0 /* Presenter */,
				FDA4914F2CDA65F900A36FB0 /* Entity */,
				FDA491502CDA65FF00A36FB0 /* Router */,
			);
			path = WalkLogList;
			sourceTree = "<group>";
		};
		FDA491592CDA74A000A36FB0 /* WalkReport */ = {
			isa = PBXGroup;
			children = (
				FDA491732CDA7C1800A36FB0 /* View */,
				FDA491742CDA7C1800A36FB0 /* Interactor */,
				FDA491752CDA7C1800A36FB0 /* Presenter */,
				FDA491762CDA7C1800A36FB0 /* Entity */,
				FDA491772CDA7C1800A36FB0 /* Router */,
			);
			path = WalkReport;
			sourceTree = "<group>";
		};
		FDA4915A2CDA74C600A36FB0 /* Camera */ = {
			isa = PBXGroup;
			children = (
				FDA491442CDA071500A36FB0 /* View */,
				FDA491432CDA070F00A36FB0 /* Interactor */,
				FDA491422CDA070900A36FB0 /* Presenter */,
				FDA491412CDA070200A36FB0 /* Entity */,
				FDA491402CDA06FC00A36FB0 /* Router */,
			);
			path = Camera;
			sourceTree = "<group>";
		};
		FDA4915E2CDA790300A36FB0 /* Auth */ = {
			isa = PBXGroup;
			children = (
				FDA4915F2CDA791300A36FB0 /* CreateProfile */,
			);
			path = Auth;
			sourceTree = "<group>";
		};
		FDA4915F2CDA791300A36FB0 /* CreateProfile */ = {
			isa = PBXGroup;
			children = (
				FDA491682CDA7C0300A36FB0 /* View */,
				FDA491662CDA7BE500A36FB0 /* Interactor */,
				FDA491642CDA7BD600A36FB0 /* Presenter */,
				FDA491672CDA7BEB00A36FB0 /* Router */,
			);
			path = CreateProfile;
			sourceTree = "<group>";
		};
		FDA491602CDA7A4500A36FB0 /* Map */ = {
			isa = PBXGroup;
			children = (
				FDA4917D2CDA7C2400A36FB0 /* View */,
				FDA4917E2CDA7C2400A36FB0 /* Interactor */,
				FDA4917F2CDA7C2400A36FB0 /* Presenter */,
				FDA491802CDA7C2400A36FB0 /* Entity */,
				FDA491812CDA7C2400A36FB0 /* Router */,
			);
			path = Map;
			sourceTree = "<group>";
		};
		FDA491612CDA7A6200A36FB0 /* AddRecordResult */ = {
			isa = PBXGroup;
			children = (
				FDA491782CDA7C1C00A36FB0 /* View */,
				FDA491792CDA7C1C00A36FB0 /* Interactor */,
				FDA4917A2CDA7C1C00A36FB0 /* Presenter */,
				FDA4917B2CDA7C1C00A36FB0 /* Entity */,
				FDA4917C2CDA7C1C00A36FB0 /* Router */,
			);
			path = AddRecordResult;
			sourceTree = "<group>";
		};
		FDA491622CDA7A8D00A36FB0 /* RequestMate */ = {
			isa = PBXGroup;
			children = (
				FDA491872CDA7C3000A36FB0 /* View */,
				FDA491882CDA7C3000A36FB0 /* Interactor */,
				FDA491892CDA7C3000A36FB0 /* Presenter */,
				FDA4918A2CDA7C3000A36FB0 /* Entity */,
				FDA4918B2CDA7C3000A36FB0 /* Router */,
			);
			path = RequestMate;
			sourceTree = "<group>";
		};
		FDA491632CDA7B9900A36FB0 /* Walk */ = {
			isa = PBXGroup;
			children = (
			);
			path = Walk;
			sourceTree = "<group>";
		};
		FDA491642CDA7BD600A36FB0 /* Presenter */ = {
			isa = PBXGroup;
			children = (
				3200444F2CE595F000D08B6D /* ProfileInputPresenter.swift */,
				3200444D2CE595DE00D08B6D /* ProfileCreatePresenter.swift */,
			);
			path = Presenter;
			sourceTree = "<group>";
		};
		FDA491662CDA7BE500A36FB0 /* Interactor */ = {
			isa = PBXGroup;
			children = (
				320044592CE5B39A00D08B6D /* ProfileCreateInteractor.swift */,
			);
			path = Interactor;
			sourceTree = "<group>";
		};
		FDA491672CDA7BEB00A36FB0 /* Router */ = {
			isa = PBXGroup;
			children = (
				320044552CE59D5D00D08B6D /* ProfileInputRouter.swift */,
				320044572CE5B04300D08B6D /* ProfileCreateRouter.swift */,
			);
			path = Router;
			sourceTree = "<group>";
		};
		FDA491682CDA7C0300A36FB0 /* View */ = {
			isa = PBXGroup;
			children = (
				99FA4E782CE0FBBF00553C2E /* ProfileInputViewController.swift */,
				3200438A2CDF3BE900D08B6D /* ProfileCreateViewController.swift */,
			);
			path = View;
			sourceTree = "<group>";
		};
		FDA491692CDA7C0B00A36FB0 /* View */ = {
			isa = PBXGroup;
			children = (
				A2F825D02CDF4BA6000C5419 /* HomeViewController.swift */,
				A2F825DC2CDFBEB4000C5419 /* ProfileCardView.swift */,
			);
			path = View;
			sourceTree = "<group>";
		};
		FDA4916A2CDA7C0B00A36FB0 /* Interactor */ = {
			isa = PBXGroup;
			children = (
			);
			path = Interactor;
			sourceTree = "<group>";
		};
		FDA4916B2CDA7C0B00A36FB0 /* Presenter */ = {
			isa = PBXGroup;
			children = (
			);
			path = Presenter;
			sourceTree = "<group>";
		};
		FDA4916C2CDA7C0B00A36FB0 /* Entity */ = {
			isa = PBXGroup;
			children = (
			);
			path = Entity;
			sourceTree = "<group>";
		};
		FDA4916D2CDA7C0B00A36FB0 /* Router */ = {
			isa = PBXGroup;
			children = (
			);
			path = Router;
			sourceTree = "<group>";
		};
		FDA4916E2CDA7C0E00A36FB0 /* View */ = {
			isa = PBXGroup;
			children = (
			);
			path = View;
			sourceTree = "<group>";
		};
		FDA4916F2CDA7C0E00A36FB0 /* Interactor */ = {
			isa = PBXGroup;
			children = (
			);
			path = Interactor;
			sourceTree = "<group>";
		};
		FDA491702CDA7C0E00A36FB0 /* Presenter */ = {
			isa = PBXGroup;
			children = (
			);
			path = Presenter;
			sourceTree = "<group>";
		};
		FDA491712CDA7C0E00A36FB0 /* Entity */ = {
			isa = PBXGroup;
			children = (
			);
			path = Entity;
			sourceTree = "<group>";
		};
		FDA491722CDA7C0E00A36FB0 /* Router */ = {
			isa = PBXGroup;
			children = (
			);
			path = Router;
			sourceTree = "<group>";
		};
		FDA491732CDA7C1800A36FB0 /* View */ = {
			isa = PBXGroup;
			children = (
			);
			path = View;
			sourceTree = "<group>";
		};
		FDA491742CDA7C1800A36FB0 /* Interactor */ = {
			isa = PBXGroup;
			children = (
			);
			path = Interactor;
			sourceTree = "<group>";
		};
		FDA491752CDA7C1800A36FB0 /* Presenter */ = {
			isa = PBXGroup;
			children = (
			);
			path = Presenter;
			sourceTree = "<group>";
		};
		FDA491762CDA7C1800A36FB0 /* Entity */ = {
			isa = PBXGroup;
			children = (
			);
			path = Entity;
			sourceTree = "<group>";
		};
		FDA491772CDA7C1800A36FB0 /* Router */ = {
			isa = PBXGroup;
			children = (
			);
			path = Router;
			sourceTree = "<group>";
		};
		FDA491782CDA7C1C00A36FB0 /* View */ = {
			isa = PBXGroup;
			children = (
			);
			path = View;
			sourceTree = "<group>";
		};
		FDA491792CDA7C1C00A36FB0 /* Interactor */ = {
			isa = PBXGroup;
			children = (
			);
			path = Interactor;
			sourceTree = "<group>";
		};
		FDA4917A2CDA7C1C00A36FB0 /* Presenter */ = {
			isa = PBXGroup;
			children = (
			);
			path = Presenter;
			sourceTree = "<group>";
		};
		FDA4917B2CDA7C1C00A36FB0 /* Entity */ = {
			isa = PBXGroup;
			children = (
			);
			path = Entity;
			sourceTree = "<group>";
		};
		FDA4917C2CDA7C1C00A36FB0 /* Router */ = {
			isa = PBXGroup;
			children = (
			);
			path = Router;
			sourceTree = "<group>";
		};
		FDA4917D2CDA7C2400A36FB0 /* View */ = {
			isa = PBXGroup;
			children = (
			);
			path = View;
			sourceTree = "<group>";
		};
		FDA4917E2CDA7C2400A36FB0 /* Interactor */ = {
			isa = PBXGroup;
			children = (
			);
			path = Interactor;
			sourceTree = "<group>";
		};
		FDA4917F2CDA7C2400A36FB0 /* Presenter */ = {
			isa = PBXGroup;
			children = (
			);
			path = Presenter;
			sourceTree = "<group>";
		};
		FDA491802CDA7C2400A36FB0 /* Entity */ = {
			isa = PBXGroup;
			children = (
			);
			path = Entity;
			sourceTree = "<group>";
		};
		FDA491812CDA7C2400A36FB0 /* Router */ = {
			isa = PBXGroup;
			children = (
			);
			path = Router;
			sourceTree = "<group>";
		};
		FDA491872CDA7C3000A36FB0 /* View */ = {
			isa = PBXGroup;
			children = (
			);
			path = View;
			sourceTree = "<group>";
		};
		FDA491882CDA7C3000A36FB0 /* Interactor */ = {
			isa = PBXGroup;
			children = (
			);
			path = Interactor;
			sourceTree = "<group>";
		};
		FDA491892CDA7C3000A36FB0 /* Presenter */ = {
			isa = PBXGroup;
			children = (
			);
			path = Presenter;
			sourceTree = "<group>";
		};
		FDA4918A2CDA7C3000A36FB0 /* Entity */ = {
			isa = PBXGroup;
			children = (
			);
			path = Entity;
			sourceTree = "<group>";
		};
		FDA4918B2CDA7C3000A36FB0 /* Router */ = {
			isa = PBXGroup;
			children = (
			);
			path = Router;
			sourceTree = "<group>";
		};
		FDA4918C2CDA7C3400A36FB0 /* View */ = {
			isa = PBXGroup;
			children = (
			);
			path = View;
			sourceTree = "<group>";
		};
		FDA4918D2CDA7C3400A36FB0 /* Interactor */ = {
			isa = PBXGroup;
			children = (
			);
			path = Interactor;
			sourceTree = "<group>";
		};
		FDA4918E2CDA7C3400A36FB0 /* Presenter */ = {
			isa = PBXGroup;
			children = (
			);
			path = Presenter;
			sourceTree = "<group>";
		};
		FDA4918F2CDA7C3400A36FB0 /* Entity */ = {
			isa = PBXGroup;
			children = (
			);
			path = Entity;
			sourceTree = "<group>";
		};
		FDA491902CDA7C3400A36FB0 /* Router */ = {
			isa = PBXGroup;
			children = (
			);
			path = Router;
			sourceTree = "<group>";
		};
		FDA491932CDA7C6200A36FB0 /* RequestWalk */ = {
			isa = PBXGroup;
			children = (
				320044692CEB182400D08B6D /* View */,
				FDA491952CDA7C6A00A36FB0 /* Interactor */,
				FDA491962CDA7C6A00A36FB0 /* Presenter */,
				FDA491982CDA7C6A00A36FB0 /* Router */,
			);
			path = RequestWalk;
			sourceTree = "<group>";
		};
		FDA491952CDA7C6A00A36FB0 /* Interactor */ = {
			isa = PBXGroup;
			children = (
				320044722CEB47A600D08B6D /* RequestWalkInteractor.swift */,
			);
			path = Interactor;
			sourceTree = "<group>";
		};
		FDA491962CDA7C6A00A36FB0 /* Presenter */ = {
			isa = PBXGroup;
			children = (
				320044702CEB45D600D08B6D /* RequestWalkPresenter.swift */,
			);
			path = Presenter;
			sourceTree = "<group>";
		};
		FDA491982CDA7C6A00A36FB0 /* Router */ = {
			isa = PBXGroup;
			children = (
				320044742CEB4D6200D08B6D /* RequestWalkRouter.swift */,
			);
			path = Router;
			sourceTree = "<group>";
		};
/* End PBXGroup section */

/* Begin PBXNativeTarget section */
		FD3A031F2CD8CDE50047B7ED /* SniffMeet */ = {
			isa = PBXNativeTarget;
			buildConfigurationList = FD3A03332CD8CDE60047B7ED /* Build configuration list for PBXNativeTarget "SniffMeet" */;
			buildPhases = (
				FD3A031C2CD8CDE50047B7ED /* Sources */,
				FD3A031D2CD8CDE50047B7ED /* Frameworks */,
				FD3A031E2CD8CDE50047B7ED /* Resources */,
			);
			buildRules = (
			);
			dependencies = (
				FD3A03472CD8D2C90047B7ED /* PBXTargetDependency */,
			);
			name = SniffMeet;
			packageProductDependencies = (
			);
			productName = SniffMeet;
			productReference = FD3A03202CD8CDE50047B7ED /* SniffMeet.app */;
			productType = "com.apple.product-type.application";
		};
		FD69B1B92CE3BCDC009D71DC /* SNMPersistenceTests */ = {
			isa = PBXNativeTarget;
			buildConfigurationList = FD69B1C02CE3BCDC009D71DC /* Build configuration list for PBXNativeTarget "SNMPersistenceTests" */;
			buildPhases = (
				FD69B1B62CE3BCDC009D71DC /* Sources */,
				FD69B1B72CE3BCDC009D71DC /* Frameworks */,
				FD69B1B82CE3BCDC009D71DC /* Resources */,
			);
			buildRules = (
			);
			dependencies = (
				FD69B1BF2CE3BCDC009D71DC /* PBXTargetDependency */,
			);
			name = SNMPersistenceTests;
			packageProductDependencies = (
			);
			productName = SNMPersistenceTests;
			productReference = FD69B1BA2CE3BCDC009D71DC /* SNMPersistenceTests.xctest */;
			productType = "com.apple.product-type.bundle.unit-test";
		};
/* End PBXNativeTarget section */

/* Begin PBXProject section */
		FD3A03182CD8CDE50047B7ED /* Project object */ = {
			isa = PBXProject;
			attributes = {
				BuildIndependentTargetsInParallel = 1;
				LastSwiftUpdateCheck = 1600;
				LastUpgradeCheck = 1600;
				TargetAttributes = {
					FD3A031F2CD8CDE50047B7ED = {
						CreatedOnToolsVersion = 16.0;
					};
					FD69B1B92CE3BCDC009D71DC = {
						CreatedOnToolsVersion = 16.0;
						TestTargetID = FD3A031F2CD8CDE50047B7ED;
					};
				};
			};
			buildConfigurationList = FD3A031B2CD8CDE50047B7ED /* Build configuration list for PBXProject "SniffMeet" */;
			compatibilityVersion = "Xcode 15.0";
			developmentRegion = en;
			hasScannedForEncodings = 0;
			knownRegions = (
				en,
				Base,
			);
			mainGroup = FD3A03172CD8CDE50047B7ED;
			minimizedProjectReferenceProxies = 1;
			packageReferences = (
				FD3A03452CD8D2650047B7ED /* XCRemoteSwiftPackageReference "SwiftLint" */,
			);
			productRefGroup = FD3A03212CD8CDE50047B7ED /* Products */;
			projectDirPath = "";
			projectRoot = "";
			targets = (
				FD3A031F2CD8CDE50047B7ED /* SniffMeet */,
				FD69B1B92CE3BCDC009D71DC /* SNMPersistenceTests */,
			);
		};
/* End PBXProject section */

/* Begin PBXResourcesBuildPhase section */
		FD3A031E2CD8CDE50047B7ED /* Resources */ = {
			isa = PBXResourcesBuildPhase;
			buildActionMask = 2147483647;
			files = (
				A288A63D2CDC595000D11C34 /* (null) in Resources */,
				FD3A033F2CD8CF460047B7ED /* Assets.xcassets in Resources */,
				FD3A03412CD8CF460047B7ED /* LaunchScreen.storyboard in Resources */,
			);
			runOnlyForDeploymentPostprocessing = 0;
		};
		FD69B1B82CE3BCDC009D71DC /* Resources */ = {
			isa = PBXResourcesBuildPhase;
			buildActionMask = 2147483647;
			files = (
			);
			runOnlyForDeploymentPostprocessing = 0;
		};
/* End PBXResourcesBuildPhase section */

/* Begin PBXSourcesBuildPhase section */
		FD3A031C2CD8CDE50047B7ED /* Sources */ = {
			isa = PBXSourcesBuildPhase;
			buildActionMask = 2147483647;
			files = (
				995D94622CE598FD005A47BF /* NIManager.swift in Sources */,
				FDBFA9A12CE1E51500AA9220 /* SNMColor.swift in Sources */,
				A2C844D12CDBE1E5007F2970 /* (null) in Sources */,
				3200444E2CE595EA00D08B6D /* ProfileCreatePresenter.swift in Sources */,
				FD3A03422CD8CF460047B7ED /* AppDelegate.swift in Sources */,
				FD3A03432CD8CF460047B7ED /* SceneDelegate.swift in Sources */,
				99FA4E792CE0FBBF00553C2E /* ProfileInputViewController.swift in Sources */,
				320044582CE5B04C00D08B6D /* ProfileCreateRouter.swift in Sources */,
				FDEAEA7C2CE314A7005890FA /* BaseViewController.swift in Sources */,
				A21435F72CE20D2500564A4D /* TabBarController.swift in Sources */,
				320043762CDCA18E00D08B6D /* (null) in Sources */,
				A2F825DD2CDFBEB4000C5419 /* ProfileCardView.swift in Sources */,
				A2C328882CE2481900D255AB /* HomeModuleBuilder.swift in Sources */,
				320044712CEB45E000D08B6D /* RequestWalkPresenter.swift in Sources */,
				995D94262CE32ECE005A47BF /* Extension + Keyboard.swift in Sources */,
				3200441C2CE48C5C00D08B6D /* MPCAdvertiser.swift in Sources */,
				A2F825D12CDF4BA6000C5419 /* HomeViewController.swift in Sources */,
				FD0634282CE596BD003C9D6B /* SNMRequestConvertible.swift in Sources */,
				320043972CDF493C00D08B6D /* Extension + UIView.swift in Sources */,
				FD0634262CE596B5003C9D6B /* Endpoint.swift in Sources */,
				320044502CE595F700D08B6D /* ProfileInputPresenter.swift in Sources */,
				FD69B1B32CE3BC76009D71DC /* KeychainManager.swift in Sources */,
				320043782CDCA49100D08B6D /* (null) in Sources */,
				FD06342A2CE596D0003C9D6B /* NetworkProvider.swift in Sources */,
				FDBFA9B12CE1FE5500AA9220 /* LayoutConstant.swift in Sources */,
				320044752CEB4D6900D08B6D /* RequestWalkRouter.swift in Sources */,
				320043912CDF3D7F00D08B6D /* KeywordButton.swift in Sources */,
				320043922CDF3D7F00D08B6D /* InputTextField.swift in Sources */,
				3200446F2CEB23A700D08B6D /* CardPresentationController.swift in Sources */,
				320043932CDF3D7F00D08B6D /* KeywordView.swift in Sources */,
				320044772CEB4E1E00D08B6D /* RequestWalk.swift in Sources */,
				FD06342C2CE5984D003C9D6B /* SNMNetworkResponse.swift in Sources */,
				3200445E2CE5CA1B00D08B6D /* SaveInfoUseCase.swift in Sources */,
				320043942CDF3D7F00D08B6D /* PrimaryButton.swift in Sources */,
				320043952CDF3D7F00D08B6D /* Extension + Navigation.swift in Sources */,
				FDBFA99F2CE1E50C00AA9220 /* SNMFont.swift in Sources */,
				320044532CE59A8A00D08B6D /* Dog.swift in Sources */,
				320044562CE59DF500D08B6D /* ProfileInputRouter.swift in Sources */,
				A2C844D72CDBEF8B007F2970 /* (null) in Sources */,
				3200438B2CDF3BEF00D08B6D /* ProfileCreateViewController.swift in Sources */,
				320044672CE6125100D08B6D /* DataManager.swift in Sources */,
				FDEAEA7A2CE3148D005890FA /* BaseView.swift in Sources */,
				A2C328862CE245AC00D255AB /* TabBarModuleBuilder.swift in Sources */,
				320044732CEB47B100D08B6D /* RequestWalkInteractor.swift in Sources */,
				FD69B1B52CE3BC7E009D71DC /* UserDefaultsManager.swift in Sources */,
				320043722CDC9E5F00D08B6D /* (null) in Sources */,
				3200441E2CE48D3500D08B6D /* MPCManager.swift in Sources */,
				FD0634312CE62578003C9D6B /* AnyEncodable.swift in Sources */,
				3200441A2CE48A3D00D08B6D /* MPCBroswer.swift in Sources */,
				3200437C2CDCA6F300D08B6D /* (null) in Sources */,
				3200445A2CE5B3AA00D08B6D /* ProfileCreateInteractor.swift in Sources */,
				A2C328922CE3BEA000D255AB /* AppRouter.swift in Sources */,
				320043702CDC9A0D00D08B6D /* (null) in Sources */,
				3200446B2CEB183300D08B6D /* RequestWalkViewController.swift in Sources */,
			);
			runOnlyForDeploymentPostprocessing = 0;
		};
		FD69B1B62CE3BCDC009D71DC /* Sources */ = {
			isa = PBXSourcesBuildPhase;
			buildActionMask = 2147483647;
			files = (
				FD69B1CB2CE3E9B4009D71DC /* UserDefaultsTests.swift in Sources */,
				FD69B1C32CE3BCE4009D71DC /* UserDefaultsManager.swift in Sources */,
				FD69B1C42CE3BCE4009D71DC /* KeychainManager.swift in Sources */,
				FD69B1CD2CE3E9BB009D71DC /* KeychainTests.swift in Sources */,
			);
			runOnlyForDeploymentPostprocessing = 0;
		};
/* End PBXSourcesBuildPhase section */

/* Begin PBXTargetDependency section */
		FD3A03472CD8D2C90047B7ED /* PBXTargetDependency */ = {
			isa = PBXTargetDependency;
			productRef = FD3A03462CD8D2C90047B7ED /* SwiftLintBuildToolPlugin */;
		};
		FD69B1BF2CE3BCDC009D71DC /* PBXTargetDependency */ = {
			isa = PBXTargetDependency;
			target = FD3A031F2CD8CDE50047B7ED /* SniffMeet */;
			targetProxy = FD69B1BE2CE3BCDC009D71DC /* PBXContainerItemProxy */;
		};
/* End PBXTargetDependency section */

/* Begin PBXVariantGroup section */
		FD3A033C2CD8CF460047B7ED /* LaunchScreen.storyboard */ = {
			isa = PBXVariantGroup;
			children = (
				FD3A033B2CD8CF460047B7ED /* Base */,
			);
			name = LaunchScreen.storyboard;
			sourceTree = "<group>";
		};
/* End PBXVariantGroup section */

/* Begin XCBuildConfiguration section */
		FD3A03342CD8CDE60047B7ED /* Debug */ = {
			isa = XCBuildConfiguration;
			buildSettings = {
				ASSETCATALOG_COMPILER_APPICON_NAME = AppIcon;
				ASSETCATALOG_COMPILER_GLOBAL_ACCENT_COLOR_NAME = AccentColor;
				CODE_SIGN_STYLE = Automatic;
				CURRENT_PROJECT_VERSION = 1;
				DEVELOPMENT_TEAM = B3PWYBKFUK;
				GENERATE_INFOPLIST_FILE = YES;
				INFOPLIST_FILE = SniffMeet/Resource/Info.plist;
				INFOPLIST_KEY_NSLocalNetworkUsageDescription = "메이트 맺기 기능에는 로컬 네트워크 사용이 필요합니다.  \\n 로컬 네트워크를 사용하시겠습니까?";
				INFOPLIST_KEY_UIApplicationSupportsIndirectInputEvents = YES;
				INFOPLIST_KEY_UILaunchStoryboardName = LaunchScreen;
				INFOPLIST_KEY_UISupportedInterfaceOrientations = UIInterfaceOrientationPortrait;
				INFOPLIST_KEY_UISupportedInterfaceOrientations_iPad = "UIInterfaceOrientationLandscapeLeft UIInterfaceOrientationLandscapeRight UIInterfaceOrientationPortrait UIInterfaceOrientationPortraitUpsideDown";
				IPHONEOS_DEPLOYMENT_TARGET = 15.0;
				LD_RUNPATH_SEARCH_PATHS = (
					"$(inherited)",
					"@executable_path/Frameworks",
				);
				MARKETING_VERSION = 1.0;
				PRODUCT_BUNDLE_IDENTIFIER = kr.codesquad.boostcamp9.SniffMeet;
				PRODUCT_NAME = "$(TARGET_NAME)";
				SUPPORTED_PLATFORMS = "iphoneos iphonesimulator";
				SUPPORTS_MACCATALYST = NO;
				SUPPORTS_MAC_DESIGNED_FOR_IPHONE_IPAD = NO;
				SUPPORTS_XR_DESIGNED_FOR_IPHONE_IPAD = NO;
				SWIFT_EMIT_LOC_STRINGS = YES;
				SWIFT_VERSION = 5.0;
				TARGETED_DEVICE_FAMILY = 1;
			};
			name = Debug;
		};
		FD3A03352CD8CDE60047B7ED /* Release */ = {
			isa = XCBuildConfiguration;
			buildSettings = {
				ASSETCATALOG_COMPILER_APPICON_NAME = AppIcon;
				ASSETCATALOG_COMPILER_GLOBAL_ACCENT_COLOR_NAME = AccentColor;
				CODE_SIGN_STYLE = Automatic;
				CURRENT_PROJECT_VERSION = 1;
				DEVELOPMENT_TEAM = B3PWYBKFUK;
				GENERATE_INFOPLIST_FILE = YES;
				INFOPLIST_FILE = SniffMeet/Resource/Info.plist;
				INFOPLIST_KEY_NSLocalNetworkUsageDescription = "메이트 맺기 기능에는 로컬 네트워크 사용이 필요합니다.  \\n 로컬 네트워크를 사용하시겠습니까?";
				INFOPLIST_KEY_UIApplicationSupportsIndirectInputEvents = YES;
				INFOPLIST_KEY_UILaunchStoryboardName = LaunchScreen;
				INFOPLIST_KEY_UISupportedInterfaceOrientations = UIInterfaceOrientationPortrait;
				INFOPLIST_KEY_UISupportedInterfaceOrientations_iPad = "UIInterfaceOrientationLandscapeLeft UIInterfaceOrientationLandscapeRight UIInterfaceOrientationPortrait UIInterfaceOrientationPortraitUpsideDown";
				IPHONEOS_DEPLOYMENT_TARGET = 15.0;
				LD_RUNPATH_SEARCH_PATHS = (
					"$(inherited)",
					"@executable_path/Frameworks",
				);
				MARKETING_VERSION = 1.0;
				PRODUCT_BUNDLE_IDENTIFIER = kr.codesquad.boostcamp9.SniffMeet;
				PRODUCT_NAME = "$(TARGET_NAME)";
				SUPPORTED_PLATFORMS = "iphoneos iphonesimulator";
				SUPPORTS_MACCATALYST = NO;
				SUPPORTS_MAC_DESIGNED_FOR_IPHONE_IPAD = NO;
				SUPPORTS_XR_DESIGNED_FOR_IPHONE_IPAD = NO;
				SWIFT_EMIT_LOC_STRINGS = YES;
				SWIFT_VERSION = 5.0;
				TARGETED_DEVICE_FAMILY = 1;
			};
			name = Release;
		};
		FD3A03362CD8CDE60047B7ED /* Debug */ = {
			isa = XCBuildConfiguration;
			buildSettings = {
				ALWAYS_SEARCH_USER_PATHS = NO;
				ASSETCATALOG_COMPILER_GENERATE_SWIFT_ASSET_SYMBOL_EXTENSIONS = YES;
				CLANG_ANALYZER_NONNULL = YES;
				CLANG_ANALYZER_NUMBER_OBJECT_CONVERSION = YES_AGGRESSIVE;
				CLANG_CXX_LANGUAGE_STANDARD = "gnu++20";
				CLANG_ENABLE_MODULES = YES;
				CLANG_ENABLE_OBJC_ARC = YES;
				CLANG_ENABLE_OBJC_WEAK = YES;
				CLANG_WARN_BLOCK_CAPTURE_AUTORELEASING = YES;
				CLANG_WARN_BOOL_CONVERSION = YES;
				CLANG_WARN_COMMA = YES;
				CLANG_WARN_CONSTANT_CONVERSION = YES;
				CLANG_WARN_DEPRECATED_OBJC_IMPLEMENTATIONS = YES;
				CLANG_WARN_DIRECT_OBJC_ISA_USAGE = YES_ERROR;
				CLANG_WARN_DOCUMENTATION_COMMENTS = YES;
				CLANG_WARN_EMPTY_BODY = YES;
				CLANG_WARN_ENUM_CONVERSION = YES;
				CLANG_WARN_INFINITE_RECURSION = YES;
				CLANG_WARN_INT_CONVERSION = YES;
				CLANG_WARN_NON_LITERAL_NULL_CONVERSION = YES;
				CLANG_WARN_OBJC_IMPLICIT_RETAIN_SELF = YES;
				CLANG_WARN_OBJC_LITERAL_CONVERSION = YES;
				CLANG_WARN_OBJC_ROOT_CLASS = YES_ERROR;
				CLANG_WARN_QUOTED_INCLUDE_IN_FRAMEWORK_HEADER = YES;
				CLANG_WARN_RANGE_LOOP_ANALYSIS = YES;
				CLANG_WARN_STRICT_PROTOTYPES = YES;
				CLANG_WARN_SUSPICIOUS_MOVE = YES;
				CLANG_WARN_UNGUARDED_AVAILABILITY = YES_AGGRESSIVE;
				CLANG_WARN_UNREACHABLE_CODE = YES;
				CLANG_WARN__DUPLICATE_METHOD_MATCH = YES;
				COPY_PHASE_STRIP = NO;
				DEBUG_INFORMATION_FORMAT = dwarf;
				ENABLE_STRICT_OBJC_MSGSEND = YES;
				ENABLE_TESTABILITY = YES;
				ENABLE_USER_SCRIPT_SANDBOXING = YES;
				GCC_C_LANGUAGE_STANDARD = gnu17;
				GCC_DYNAMIC_NO_PIC = NO;
				GCC_NO_COMMON_BLOCKS = YES;
				GCC_OPTIMIZATION_LEVEL = 0;
				GCC_PREPROCESSOR_DEFINITIONS = (
					"DEBUG=1",
					"$(inherited)",
				);
				GCC_WARN_64_TO_32_BIT_CONVERSION = YES;
				GCC_WARN_ABOUT_RETURN_TYPE = YES_ERROR;
				GCC_WARN_UNDECLARED_SELECTOR = YES;
				GCC_WARN_UNINITIALIZED_AUTOS = YES_AGGRESSIVE;
				GCC_WARN_UNUSED_FUNCTION = YES;
				GCC_WARN_UNUSED_VARIABLE = YES;
				IPHONEOS_DEPLOYMENT_TARGET = 18.0;
				LOCALIZATION_PREFERS_STRING_CATALOGS = YES;
				MTL_ENABLE_DEBUG_INFO = INCLUDE_SOURCE;
				MTL_FAST_MATH = YES;
				ONLY_ACTIVE_ARCH = YES;
				SDKROOT = iphoneos;
				SWIFT_ACTIVE_COMPILATION_CONDITIONS = "DEBUG $(inherited)";
				SWIFT_OPTIMIZATION_LEVEL = "-Onone";
			};
			name = Debug;
		};
		FD3A03372CD8CDE60047B7ED /* Release */ = {
			isa = XCBuildConfiguration;
			buildSettings = {
				ALWAYS_SEARCH_USER_PATHS = NO;
				ASSETCATALOG_COMPILER_GENERATE_SWIFT_ASSET_SYMBOL_EXTENSIONS = YES;
				CLANG_ANALYZER_NONNULL = YES;
				CLANG_ANALYZER_NUMBER_OBJECT_CONVERSION = YES_AGGRESSIVE;
				CLANG_CXX_LANGUAGE_STANDARD = "gnu++20";
				CLANG_ENABLE_MODULES = YES;
				CLANG_ENABLE_OBJC_ARC = YES;
				CLANG_ENABLE_OBJC_WEAK = YES;
				CLANG_WARN_BLOCK_CAPTURE_AUTORELEASING = YES;
				CLANG_WARN_BOOL_CONVERSION = YES;
				CLANG_WARN_COMMA = YES;
				CLANG_WARN_CONSTANT_CONVERSION = YES;
				CLANG_WARN_DEPRECATED_OBJC_IMPLEMENTATIONS = YES;
				CLANG_WARN_DIRECT_OBJC_ISA_USAGE = YES_ERROR;
				CLANG_WARN_DOCUMENTATION_COMMENTS = YES;
				CLANG_WARN_EMPTY_BODY = YES;
				CLANG_WARN_ENUM_CONVERSION = YES;
				CLANG_WARN_INFINITE_RECURSION = YES;
				CLANG_WARN_INT_CONVERSION = YES;
				CLANG_WARN_NON_LITERAL_NULL_CONVERSION = YES;
				CLANG_WARN_OBJC_IMPLICIT_RETAIN_SELF = YES;
				CLANG_WARN_OBJC_LITERAL_CONVERSION = YES;
				CLANG_WARN_OBJC_ROOT_CLASS = YES_ERROR;
				CLANG_WARN_QUOTED_INCLUDE_IN_FRAMEWORK_HEADER = YES;
				CLANG_WARN_RANGE_LOOP_ANALYSIS = YES;
				CLANG_WARN_STRICT_PROTOTYPES = YES;
				CLANG_WARN_SUSPICIOUS_MOVE = YES;
				CLANG_WARN_UNGUARDED_AVAILABILITY = YES_AGGRESSIVE;
				CLANG_WARN_UNREACHABLE_CODE = YES;
				CLANG_WARN__DUPLICATE_METHOD_MATCH = YES;
				COPY_PHASE_STRIP = NO;
				DEBUG_INFORMATION_FORMAT = "dwarf-with-dsym";
				ENABLE_NS_ASSERTIONS = NO;
				ENABLE_STRICT_OBJC_MSGSEND = YES;
				ENABLE_USER_SCRIPT_SANDBOXING = YES;
				GCC_C_LANGUAGE_STANDARD = gnu17;
				GCC_NO_COMMON_BLOCKS = YES;
				GCC_WARN_64_TO_32_BIT_CONVERSION = YES;
				GCC_WARN_ABOUT_RETURN_TYPE = YES_ERROR;
				GCC_WARN_UNDECLARED_SELECTOR = YES;
				GCC_WARN_UNINITIALIZED_AUTOS = YES_AGGRESSIVE;
				GCC_WARN_UNUSED_FUNCTION = YES;
				GCC_WARN_UNUSED_VARIABLE = YES;
				IPHONEOS_DEPLOYMENT_TARGET = 18.0;
				LOCALIZATION_PREFERS_STRING_CATALOGS = YES;
				MTL_ENABLE_DEBUG_INFO = NO;
				MTL_FAST_MATH = YES;
				SDKROOT = iphoneos;
				SWIFT_COMPILATION_MODE = wholemodule;
				VALIDATE_PRODUCT = YES;
			};
			name = Release;
		};
		FD69B1C12CE3BCDC009D71DC /* Debug */ = {
			isa = XCBuildConfiguration;
			buildSettings = {
				BUNDLE_LOADER = "$(TEST_HOST)";
				CODE_SIGN_STYLE = Automatic;
				CURRENT_PROJECT_VERSION = 1;
				DEVELOPMENT_TEAM = B3PWYBKFUK;
				GENERATE_INFOPLIST_FILE = YES;
				MARKETING_VERSION = 1.0;
				PRODUCT_BUNDLE_IDENTIFIER = kr.codesquad.boostcamp9.SNMPersistenceTests;
				PRODUCT_NAME = "$(TARGET_NAME)";
				SWIFT_EMIT_LOC_STRINGS = NO;
				SWIFT_VERSION = 5.0;
				TARGETED_DEVICE_FAMILY = "1,2";
				TEST_HOST = "$(BUILT_PRODUCTS_DIR)/SniffMeet.app/$(BUNDLE_EXECUTABLE_FOLDER_PATH)/SniffMeet";
			};
			name = Debug;
		};
		FD69B1C22CE3BCDC009D71DC /* Release */ = {
			isa = XCBuildConfiguration;
			buildSettings = {
				BUNDLE_LOADER = "$(TEST_HOST)";
				CODE_SIGN_STYLE = Automatic;
				CURRENT_PROJECT_VERSION = 1;
				DEVELOPMENT_TEAM = B3PWYBKFUK;
				GENERATE_INFOPLIST_FILE = YES;
				MARKETING_VERSION = 1.0;
				PRODUCT_BUNDLE_IDENTIFIER = kr.codesquad.boostcamp9.SNMPersistenceTests;
				PRODUCT_NAME = "$(TARGET_NAME)";
				SWIFT_EMIT_LOC_STRINGS = NO;
				SWIFT_VERSION = 5.0;
				TARGETED_DEVICE_FAMILY = "1,2";
				TEST_HOST = "$(BUILT_PRODUCTS_DIR)/SniffMeet.app/$(BUNDLE_EXECUTABLE_FOLDER_PATH)/SniffMeet";
			};
			name = Release;
		};
/* End XCBuildConfiguration section */

/* Begin XCConfigurationList section */
		FD3A031B2CD8CDE50047B7ED /* Build configuration list for PBXProject "SniffMeet" */ = {
			isa = XCConfigurationList;
			buildConfigurations = (
				FD3A03362CD8CDE60047B7ED /* Debug */,
				FD3A03372CD8CDE60047B7ED /* Release */,
			);
			defaultConfigurationIsVisible = 0;
			defaultConfigurationName = Release;
		};
		FD3A03332CD8CDE60047B7ED /* Build configuration list for PBXNativeTarget "SniffMeet" */ = {
			isa = XCConfigurationList;
			buildConfigurations = (
				FD3A03342CD8CDE60047B7ED /* Debug */,
				FD3A03352CD8CDE60047B7ED /* Release */,
			);
			defaultConfigurationIsVisible = 0;
			defaultConfigurationName = Release;
		};
		FD69B1C02CE3BCDC009D71DC /* Build configuration list for PBXNativeTarget "SNMPersistenceTests" */ = {
			isa = XCConfigurationList;
			buildConfigurations = (
				FD69B1C12CE3BCDC009D71DC /* Debug */,
				FD69B1C22CE3BCDC009D71DC /* Release */,
			);
			defaultConfigurationIsVisible = 0;
			defaultConfigurationName = Release;
		};
/* End XCConfigurationList section */

/* Begin XCRemoteSwiftPackageReference section */
		FD3A03452CD8D2650047B7ED /* XCRemoteSwiftPackageReference "SwiftLint" */ = {
			isa = XCRemoteSwiftPackageReference;
			repositoryURL = "https://github.com/realm/SwiftLint";
			requirement = {
				kind = upToNextMajorVersion;
				minimumVersion = 0.57.0;
			};
		};
/* End XCRemoteSwiftPackageReference section */

/* Begin XCSwiftPackageProductDependency section */
		FD3A03462CD8D2C90047B7ED /* SwiftLintBuildToolPlugin */ = {
			isa = XCSwiftPackageProductDependency;
			package = FD3A03452CD8D2650047B7ED /* XCRemoteSwiftPackageReference "SwiftLint" */;
			productName = "plugin:SwiftLintBuildToolPlugin";
		};
/* End XCSwiftPackageProductDependency section */
	};
	rootObject = FD3A03182CD8CDE50047B7ED /* Project object */;
}
